
Microsoft Visual Studio Solution File, Format Version 12.00
# Visual Studio Version 16
VisualStudioVersion = 16.6.30114.105
MinimumVisualStudioVersion = 10.0.40219.1
Project("{FAE04EC0-301F-11D3-BF4B-00C04F79EFBC}") = "Api", "Api\Api.csproj", "{6C0C5ABD-DEDF-419A-9335-C2C36D5924E9}"
EndProject
Project("{FAE04EC0-301F-11D3-BF4B-00C04F79EFBC}") = "Repository", "Repository\Repository.csproj", "{933CCB76-E27B-4365-B47E-21BE5A58DA32}"
EndProject
Project("{FAE04EC0-301F-11D3-BF4B-00C04F79EFBC}") = "Service", "Service\Service.csproj", "{3A4DB561-61A1-4BAD-9533-32D8808EB1FD}"
EndProject
Project("{FAE04EC0-301F-11D3-BF4B-00C04F79EFBC}") = "Authentication", "Authentication\Authentication.csproj", "{A5DF7A8F-7D4C-460B-831F-B1F2AAA34D98}"
EndProject
Global
	GlobalSection(SolutionConfigurationPlatforms) = preSolution
		Debug|Any CPU = Debug|Any CPU
		Debug|x64 = Debug|x64
		Debug|x86 = Debug|x86
		Release|Any CPU = Release|Any CPU
		Release|x64 = Release|x64
		Release|x86 = Release|x86
	EndGlobalSection
	GlobalSection(SolutionProperties) = preSolution
		HideSolutionNode = FALSE
	EndGlobalSection
	GlobalSection(ProjectConfigurationPlatforms) = postSolution
		{6C0C5ABD-DEDF-419A-9335-C2C36D5924E9}.Debug|Any CPU.ActiveCfg = Debug|Any CPU
		{6C0C5ABD-DEDF-419A-9335-C2C36D5924E9}.Debug|Any CPU.Build.0 = Debug|Any CPU
		{6C0C5ABD-DEDF-419A-9335-C2C36D5924E9}.Debug|x64.ActiveCfg = Debug|Any CPU
		{6C0C5ABD-DEDF-419A-9335-C2C36D5924E9}.Debug|x64.Build.0 = Debug|Any CPU
		{6C0C5ABD-DEDF-419A-9335-C2C36D5924E9}.Debug|x86.ActiveCfg = Debug|Any CPU
		{6C0C5ABD-DEDF-419A-9335-C2C36D5924E9}.Debug|x86.Build.0 = Debug|Any CPU
		{6C0C5ABD-DEDF-419A-9335-C2C36D5924E9}.Release|Any CPU.ActiveCfg = Release|Any CPU
		{6C0C5ABD-DEDF-419A-9335-C2C36D5924E9}.Release|Any CPU.Build.0 = Release|Any CPU
		{6C0C5ABD-DEDF-419A-9335-C2C36D5924E9}.Release|x64.ActiveCfg = Release|Any CPU
		{6C0C5ABD-DEDF-419A-9335-C2C36D5924E9}.Release|x64.Build.0 = Release|Any CPU
		{6C0C5ABD-DEDF-419A-9335-C2C36D5924E9}.Release|x86.ActiveCfg = Release|Any CPU
		{6C0C5ABD-DEDF-419A-9335-C2C36D5924E9}.Release|x86.Build.0 = Release|Any CPU
		{933CCB76-E27B-4365-B47E-21BE5A58DA32}.Debug|Any CPU.ActiveCfg = Debug|Any CPU
		{933CCB76-E27B-4365-B47E-21BE5A58DA32}.Debug|Any CPU.Build.0 = Debug|Any CPU
		{933CCB76-E27B-4365-B47E-21BE5A58DA32}.Debug|x64.ActiveCfg = Debug|Any CPU
		{933CCB76-E27B-4365-B47E-21BE5A58DA32}.Debug|x64.Build.0 = Debug|Any CPU
		{933CCB76-E27B-4365-B47E-21BE5A58DA32}.Debug|x86.ActiveCfg = Debug|Any CPU
		{933CCB76-E27B-4365-B47E-21BE5A58DA32}.Debug|x86.Build.0 = Debug|Any CPU
		{933CCB76-E27B-4365-B47E-21BE5A58DA32}.Release|Any CPU.ActiveCfg = Release|Any CPU
		{933CCB76-E27B-4365-B47E-21BE5A58DA32}.Release|Any CPU.Build.0 = Release|Any CPU
		{933CCB76-E27B-4365-B47E-21BE5A58DA32}.Release|x64.ActiveCfg = Release|Any CPU
		{933CCB76-E27B-4365-B47E-21BE5A58DA32}.Release|x64.Build.0 = Release|Any CPU
		{933CCB76-E27B-4365-B47E-21BE5A58DA32}.Release|x86.ActiveCfg = Release|Any CPU
		{933CCB76-E27B-4365-B47E-21BE5A58DA32}.Release|x86.Build.0 = Release|Any CPU
		{3A4DB561-61A1-4BAD-9533-32D8808EB1FD}.Debug|Any CPU.ActiveCfg = Debug|Any CPU
		{3A4DB561-61A1-4BAD-9533-32D8808EB1FD}.Debug|Any CPU.Build.0 = Debug|Any CPU
		{3A4DB561-61A1-4BAD-9533-32D8808EB1FD}.Debug|x64.ActiveCfg = Debug|Any CPU
		{3A4DB561-61A1-4BAD-9533-32D8808EB1FD}.Debug|x64.Build.0 = Debug|Any CPU
		{3A4DB561-61A1-4BAD-9533-32D8808EB1FD}.Debug|x86.ActiveCfg = Debug|Any CPU
		{3A4DB561-61A1-4BAD-9533-32D8808EB1FD}.Debug|x86.Build.0 = Debug|Any CPU
		{3A4DB561-61A1-4BAD-9533-32D8808EB1FD}.Release|Any CPU.ActiveCfg = Release|Any CPU
		{3A4DB561-61A1-4BAD-9533-32D8808EB1FD}.Release|Any CPU.Build.0 = Release|Any CPU
		{3A4DB561-61A1-4BAD-9533-32D8808EB1FD}.Release|x64.ActiveCfg = Release|Any CPU
		{3A4DB561-61A1-4BAD-9533-32D8808EB1FD}.Release|x64.Build.0 = Release|Any CPU
		{3A4DB561-61A1-4BAD-9533-32D8808EB1FD}.Release|x86.ActiveCfg = Release|Any CPU
		{3A4DB561-61A1-4BAD-9533-32D8808EB1FD}.Release|x86.Build.0 = Release|Any CPU
		{A5DF7A8F-7D4C-460B-831F-B1F2AAA34D98}.Debug|Any CPU.ActiveCfg = Debug|Any CPU
		{A5DF7A8F-7D4C-460B-831F-B1F2AAA34D98}.Debug|Any CPU.Build.0 = Debug|Any CPU
		{A5DF7A8F-7D4C-460B-831F-B1F2AAA34D98}.Debug|x64.ActiveCfg = Debug|Any CPU
		{A5DF7A8F-7D4C-460B-831F-B1F2AAA34D98}.Debug|x64.Build.0 = Debug|Any CPU
		{A5DF7A8F-7D4C-460B-831F-B1F2AAA34D98}.Debug|x86.ActiveCfg = Debug|Any CPU
		{A5DF7A8F-7D4C-460B-831F-B1F2AAA34D98}.Debug|x86.Build.0 = Debug|Any CPU
		{A5DF7A8F-7D4C-460B-831F-B1F2AAA34D98}.Release|Any CPU.ActiveCfg = Release|Any CPU
		{A5DF7A8F-7D4C-460B-831F-B1F2AAA34D98}.Release|Any CPU.Build.0 = Release|Any CPU
		{A5DF7A8F-7D4C-460B-831F-B1F2AAA34D98}.Release|x64.ActiveCfg = Release|Any CPU
		{A5DF7A8F-7D4C-460B-831F-B1F2AAA34D98}.Release|x64.Build.0 = Release|Any CPU
		{A5DF7A8F-7D4C-460B-831F-B1F2AAA34D98}.Release|x86.ActiveCfg = Release|Any CPU
		{A5DF7A8F-7D4C-460B-831F-B1F2AAA34D98}.Release|x86.Build.0 = Release|Any CPU
	EndGlobalSection
EndGlobal
